// !$*UTF8*$!
{
	archiveVersion = 1;
	classes = {
	};
	objectVersion = 55;
	objects = {

/* Begin PBXBuildFile section */
		A9100C6226C44003000BF34E /* calendarLogic.swift in Sources */ = {isa = PBXBuildFile; fileRef = A9100C6126C44003000BF34E /* calendarLogic.swift */; };
		A919176526BCBD1E00F8B9E8 /* faqView.swift in Sources */ = {isa = PBXBuildFile; fileRef = A919176426BCBD1E00F8B9E8 /* faqView.swift */; };
		A919177826BCD58B00F8B9E8 /* about_us.json in Resources */ = {isa = PBXBuildFile; fileRef = A919177A26BCD58B00F8B9E8 /* about_us.json */; };
		A919178126BCE25C00F8B9E8 /* Localizable.strings in Resources */ = {isa = PBXBuildFile; fileRef = A919178326BCE25C00F8B9E8 /* Localizable.strings */; };
		A919178B26BD88D500F8B9E8 /* speciesSelectionView.swift in Sources */ = {isa = PBXBuildFile; fileRef = A919178A26BD88D400F8B9E8 /* speciesSelectionView.swift */; };
		A9322A8426BEFF9B00920F36 /* questionManager.swift in Sources */ = {isa = PBXBuildFile; fileRef = A9322A8326BEFF9B00920F36 /* questionManager.swift */; };
		A9322A8626BF0E5D00920F36 /* questionToolBarView.swift in Sources */ = {isa = PBXBuildFile; fileRef = A9322A8526BF0E5D00920F36 /* questionToolBarView.swift */; };
		A9322A8826BF16C800920F36 /* NavigationButton.swift in Sources */ = {isa = PBXBuildFile; fileRef = A9322A8726BF16C800920F36 /* NavigationButton.swift */; };
		A9322A8A26BF2AD800920F36 /* questionHandlerView.swift in Sources */ = {isa = PBXBuildFile; fileRef = A9322A8926BF2AD800920F36 /* questionHandlerView.swift */; };
		A9322A8C26BF2D6500920F36 /* yearSelectionView.swift in Sources */ = {isa = PBXBuildFile; fileRef = A9322A8B26BF2D6500920F36 /* yearSelectionView.swift */; };
		A9322A8E26BF2FE800920F36 /* monthSelectionView.swift in Sources */ = {isa = PBXBuildFile; fileRef = A9322A8D26BF2FE800920F36 /* monthSelectionView.swift */; };
		A965750A26C201B200375A51 /* daySelectionView.swift in Sources */ = {isa = PBXBuildFile; fileRef = A965750926C201B200375A51 /* daySelectionView.swift */; };
		A98684B9269B62A600A72459 /* ContentView.swift in Sources */ = {isa = PBXBuildFile; fileRef = A98684B8269B62A600A72459 /* ContentView.swift */; };
		A98684BB269B62A700A72459 /* Assets.xcassets in Resources */ = {isa = PBXBuildFile; fileRef = A98684BA269B62A700A72459 /* Assets.xcassets */; };
		A98684BE269B62A700A72459 /* Preview Assets.xcassets in Resources */ = {isa = PBXBuildFile; fileRef = A98684BD269B62A700A72459 /* Preview Assets.xcassets */; };
		A98684C6269B63C000A72459 /* REMAR_iOS_App.swift in Sources */ = {isa = PBXBuildFile; fileRef = A98684C5269B63C000A72459 /* REMAR_iOS_App.swift */; };
		A990294826B757DB00A83582 /* uiViews.swift in Sources */ = {isa = PBXBuildFile; fileRef = A990294726B757DB00A83582 /* uiViews.swift */; };
		A990294A26B76B7900A83582 /* menuView.swift in Sources */ = {isa = PBXBuildFile; fileRef = A990294926B76B7900A83582 /* menuView.swift */; };
		A998F0EB26AB3CFC000A026D /* splashscreenView.swift in Sources */ = {isa = PBXBuildFile; fileRef = A998F0EA26AB3CFC000A026D /* splashscreenView.swift */; };
		A9CA6AE326BEDBAE00D376FE /* cleanSlateView.swift in Sources */ = {isa = PBXBuildFile; fileRef = A9CA6AE226BEDBAE00D376FE /* cleanSlateView.swift */; };
		A9E5B67126C44ACF002B18CE /* debugView.swift in Sources */ = {isa = PBXBuildFile; fileRef = A9E5B67026C44ACF002B18CE /* debugView.swift */; };
		A9ECF98B26C6EDD500CC29C3 /* moons_new.csv in Resources */ = {isa = PBXBuildFile; fileRef = A9ECF98926C6EDD500CC29C3 /* moons_new.csv */; };
		A9ECF98C26C6EDD500CC29C3 /* moons_full.csv in Resources */ = {isa = PBXBuildFile; fileRef = A9ECF98A26C6EDD500CC29C3 /* moons_full.csv */; };
/* End PBXBuildFile section */

/* Begin PBXFileReference section */
		A9100C6126C44003000BF34E /* calendarLogic.swift */ = {isa = PBXFileReference; lastKnownFileType = sourcecode.swift; path = calendarLogic.swift; sourceTree = "<group>"; };
		A919176426BCBD1E00F8B9E8 /* faqView.swift */ = {isa = PBXFileReference; lastKnownFileType = sourcecode.swift; path = faqView.swift; sourceTree = "<group>"; };
		A919177926BCD58B00F8B9E8 /* en */ = {isa = PBXFileReference; lastKnownFileType = text.json; name = en; path = en.lproj/about_us.json; sourceTree = "<group>"; };
		A919177E26BCDCC600F8B9E8 /* pt-BR */ = {isa = PBXFileReference; lastKnownFileType = text.json; name = "pt-BR"; path = "pt-BR.lproj/about_us.json"; sourceTree = "<group>"; };
		A919178226BCE25C00F8B9E8 /* en */ = {isa = PBXFileReference; lastKnownFileType = text.plist.strings; name = en; path = en.lproj/Localizable.strings; sourceTree = "<group>"; };
		A919178426BCE26200F8B9E8 /* pt-BR */ = {isa = PBXFileReference; lastKnownFileType = text.plist.strings; name = "pt-BR"; path = "pt-BR.lproj/Localizable.strings"; sourceTree = "<group>"; };
		A919178A26BD88D400F8B9E8 /* speciesSelectionView.swift */ = {isa = PBXFileReference; lastKnownFileType = sourcecode.swift; path = speciesSelectionView.swift; sourceTree = "<group>"; };
		A9322A8326BEFF9B00920F36 /* questionManager.swift */ = {isa = PBXFileReference; lastKnownFileType = sourcecode.swift; path = questionManager.swift; sourceTree = "<group>"; };
		A9322A8526BF0E5D00920F36 /* questionToolBarView.swift */ = {isa = PBXFileReference; lastKnownFileType = sourcecode.swift; path = questionToolBarView.swift; sourceTree = "<group>"; };
		A9322A8726BF16C800920F36 /* NavigationButton.swift */ = {isa = PBXFileReference; lastKnownFileType = sourcecode.swift; path = NavigationButton.swift; sourceTree = "<group>"; };
		A9322A8926BF2AD800920F36 /* questionHandlerView.swift */ = {isa = PBXFileReference; lastKnownFileType = sourcecode.swift; path = questionHandlerView.swift; sourceTree = "<group>"; };
		A9322A8B26BF2D6500920F36 /* yearSelectionView.swift */ = {isa = PBXFileReference; lastKnownFileType = sourcecode.swift; path = yearSelectionView.swift; sourceTree = "<group>"; };
		A9322A8D26BF2FE800920F36 /* monthSelectionView.swift */ = {isa = PBXFileReference; lastKnownFileType = sourcecode.swift; path = monthSelectionView.swift; sourceTree = "<group>"; };
		A965750926C201B200375A51 /* daySelectionView.swift */ = {isa = PBXFileReference; lastKnownFileType = sourcecode.swift; path = daySelectionView.swift; sourceTree = "<group>"; };
		A98684B3269B62A600A72459 /* REMAR-iOS-App.app */ = {isa = PBXFileReference; explicitFileType = wrapper.application; includeInIndex = 0; path = "REMAR-iOS-App.app"; sourceTree = BUILT_PRODUCTS_DIR; };
		A98684B8269B62A600A72459 /* ContentView.swift */ = {isa = PBXFileReference; lastKnownFileType = sourcecode.swift; path = ContentView.swift; sourceTree = "<group>"; };
		A98684BA269B62A700A72459 /* Assets.xcassets */ = {isa = PBXFileReference; lastKnownFileType = folder.assetcatalog; path = Assets.xcassets; sourceTree = "<group>"; };
		A98684BD269B62A700A72459 /* Preview Assets.xcassets */ = {isa = PBXFileReference; lastKnownFileType = folder.assetcatalog; path = "Preview Assets.xcassets"; sourceTree = "<group>"; };
		A98684C4269B635000A72459 /* Info.plist */ = {isa = PBXFileReference; lastKnownFileType = text.plist; path = Info.plist; sourceTree = "<group>"; };
		A98684C5269B63C000A72459 /* REMAR_iOS_App.swift */ = {isa = PBXFileReference; lastKnownFileType = sourcecode.swift; path = REMAR_iOS_App.swift; sourceTree = "<group>"; };
		A990294726B757DB00A83582 /* uiViews.swift */ = {isa = PBXFileReference; lastKnownFileType = sourcecode.swift; path = uiViews.swift; sourceTree = "<group>"; };
		A990294926B76B7900A83582 /* menuView.swift */ = {isa = PBXFileReference; lastKnownFileType = sourcecode.swift; path = menuView.swift; sourceTree = "<group>"; };
		A998F0EA26AB3CFC000A026D /* splashscreenView.swift */ = {isa = PBXFileReference; lastKnownFileType = sourcecode.swift; path = splashscreenView.swift; sourceTree = "<group>"; };
		A9CA6AE226BEDBAE00D376FE /* cleanSlateView.swift */ = {isa = PBXFileReference; lastKnownFileType = sourcecode.swift; path = cleanSlateView.swift; sourceTree = "<group>"; };
		A9E5B67026C44ACF002B18CE /* debugView.swift */ = {isa = PBXFileReference; lastKnownFileType = sourcecode.swift; path = debugView.swift; sourceTree = "<group>"; };
		A9ECF98926C6EDD500CC29C3 /* moons_new.csv */ = {isa = PBXFileReference; fileEncoding = 4; lastKnownFileType = text; path = moons_new.csv; sourceTree = "<group>"; };
		A9ECF98A26C6EDD500CC29C3 /* moons_full.csv */ = {isa = PBXFileReference; fileEncoding = 4; lastKnownFileType = text; path = moons_full.csv; sourceTree = "<group>"; };
/* End PBXFileReference section */

/* Begin PBXFrameworksBuildPhase section */
		A98684B0269B62A600A72459 /* Frameworks */ = {
			isa = PBXFrameworksBuildPhase;
			buildActionMask = 2147483647;
			files = (
			);
			runOnlyForDeploymentPostprocessing = 0;
		};
/* End PBXFrameworksBuildPhase section */

/* Begin PBXGroup section */
		A919176826BCCFFE00F8B9E8 /* localised_files */ = {
			isa = PBXGroup;
			children = (
				A919178326BCE25C00F8B9E8 /* Localizable.strings */,
				A919177A26BCD58B00F8B9E8 /* about_us.json */,
			);
			path = localised_files;
			sourceTree = "<group>";
		};
		A919178526BD4D2C00F8B9E8 /* questionViews */ = {
			isa = PBXGroup;
			children = (
				A919178A26BD88D400F8B9E8 /* speciesSelectionView.swift */,
				A9CA6AE226BEDBAE00D376FE /* cleanSlateView.swift */,
				A9322A8B26BF2D6500920F36 /* yearSelectionView.swift */,
				A9322A8D26BF2FE800920F36 /* monthSelectionView.swift */,
				A965750926C201B200375A51 /* daySelectionView.swift */,
			);
			path = questionViews;
			sourceTree = "<group>";
		};
		A919178626BD4D6000F8B9E8 /* menuViews */ = {
			isa = PBXGroup;
			children = (
				A990294726B757DB00A83582 /* uiViews.swift */,
				A990294926B76B7900A83582 /* menuView.swift */,
				A919176426BCBD1E00F8B9E8 /* faqView.swift */,
				A9322A8526BF0E5D00920F36 /* questionToolBarView.swift */,
				A9322A8726BF16C800920F36 /* NavigationButton.swift */,
				A9322A8926BF2AD800920F36 /* questionHandlerView.swift */,
			);
			path = menuViews;
			sourceTree = "<group>";
		};
		A9322A8226BEFDAC00920F36 /* logicLayer */ = {
			isa = PBXGroup;
			children = (
				A9322A8326BEFF9B00920F36 /* questionManager.swift */,
				A9100C6126C44003000BF34E /* calendarLogic.swift */,
			);
			path = logicLayer;
			sourceTree = "<group>";
		};
		A98684AA269B62A600A72459 = {
			isa = PBXGroup;
			children = (
				A9E5B67026C44ACF002B18CE /* debugView.swift */,
				A98684B5269B62A600A72459 /* REMAR-iOS-App */,
				A98684B4269B62A600A72459 /* Products */,
			);
			sourceTree = "<group>";
		};
		A98684B4269B62A600A72459 /* Products */ = {
			isa = PBXGroup;
			children = (
				A98684B3269B62A600A72459 /* REMAR-iOS-App.app */,
			);
			name = Products;
			sourceTree = "<group>";
		};
		A98684B5269B62A600A72459 /* REMAR-iOS-App */ = {
			isa = PBXGroup;
			children = (
				A9ECF98826C6ED8300CC29C3 /* moonData */,
				A9322A8226BEFDAC00920F36 /* logicLayer */,
				A98684C4269B635000A72459 /* Info.plist */,
				A98684C5269B63C000A72459 /* REMAR_iOS_App.swift */,
				A998F0EA26AB3CFC000A026D /* splashscreenView.swift */,
				A98684B8269B62A600A72459 /* ContentView.swift */,
				A98684BA269B62A700A72459 /* Assets.xcassets */,
				A919178526BD4D2C00F8B9E8 /* questionViews */,
				A919178626BD4D6000F8B9E8 /* menuViews */,
				A919176826BCCFFE00F8B9E8 /* localised_files */,
				A98684BC269B62A700A72459 /* Preview Content */,
			);
			path = "REMAR-iOS-App";
			sourceTree = "<group>";
		};
		A98684BC269B62A700A72459 /* Preview Content */ = {
			isa = PBXGroup;
			children = (
				A98684BD269B62A700A72459 /* Preview Assets.xcassets */,
			);
			path = "Preview Content";
			sourceTree = "<group>";
		};
		A9ECF98826C6ED8300CC29C3 /* moonData */ = {
			isa = PBXGroup;
			children = (
				A9ECF98A26C6EDD500CC29C3 /* moons_full.csv */,
				A9ECF98926C6EDD500CC29C3 /* moons_new.csv */,
			);
			path = moonData;
			sourceTree = "<group>";
		};
/* End PBXGroup section */

/* Begin PBXNativeTarget section */
		A98684B2269B62A600A72459 /* REMAR-iOS-App */ = {
			isa = PBXNativeTarget;
			buildConfigurationList = A98684C1269B62A700A72459 /* Build configuration list for PBXNativeTarget "REMAR-iOS-App" */;
			buildPhases = (
				A98684AF269B62A600A72459 /* Sources */,
				A98684B0269B62A600A72459 /* Frameworks */,
				A98684B1269B62A600A72459 /* Resources */,
			);
			buildRules = (
			);
			dependencies = (
			);
			name = "REMAR-iOS-App";
			productName = "REMAR-iOS-App";
			productReference = A98684B3269B62A600A72459 /* REMAR-iOS-App.app */;
			productType = "com.apple.product-type.application";
		};
/* End PBXNativeTarget section */

/* Begin PBXProject section */
		A98684AB269B62A600A72459 /* Project object */ = {
			isa = PBXProject;
			attributes = {
				BuildIndependentTargetsInParallel = 1;
				LastSwiftUpdateCheck = 1300;
				LastUpgradeCheck = 1300;
				TargetAttributes = {
					A98684B2269B62A600A72459 = {
						CreatedOnToolsVersion = 13.0;
					};
				};
			};
			buildConfigurationList = A98684AE269B62A600A72459 /* Build configuration list for PBXProject "REMAR-iOS-App" */;
			compatibilityVersion = "Xcode 13.0";
			developmentRegion = en;
			hasScannedForEncodings = 0;
			knownRegions = (
				en,
				Base,
				"pt-BR",
			);
			mainGroup = A98684AA269B62A600A72459;
			productRefGroup = A98684B4269B62A600A72459 /* Products */;
			projectDirPath = "";
			projectRoot = "";
			targets = (
				A98684B2269B62A600A72459 /* REMAR-iOS-App */,
			);
		};
/* End PBXProject section */

/* Begin PBXResourcesBuildPhase section */
		A98684B1269B62A600A72459 /* Resources */ = {
			isa = PBXResourcesBuildPhase;
			buildActionMask = 2147483647;
			files = (
				A9ECF98C26C6EDD500CC29C3 /* moons_full.csv in Resources */,
				A919178126BCE25C00F8B9E8 /* Localizable.strings in Resources */,
				A98684BE269B62A700A72459 /* Preview Assets.xcassets in Resources */,
				A9ECF98B26C6EDD500CC29C3 /* moons_new.csv in Resources */,
				A98684BB269B62A700A72459 /* Assets.xcassets in Resources */,
				A919177826BCD58B00F8B9E8 /* about_us.json in Resources */,
			);
			runOnlyForDeploymentPostprocessing = 0;
		};
/* End PBXResourcesBuildPhase section */

/* Begin PBXSourcesBuildPhase section */
		A98684AF269B62A600A72459 /* Sources */ = {
			isa = PBXSourcesBuildPhase;
			buildActionMask = 2147483647;
			files = (
				A990294A26B76B7900A83582 /* menuView.swift in Sources */,
				A919176526BCBD1E00F8B9E8 /* faqView.swift in Sources */,
				A9322A8C26BF2D6500920F36 /* yearSelectionView.swift in Sources */,
				A919178B26BD88D500F8B9E8 /* speciesSelectionView.swift in Sources */,
				A965750A26C201B200375A51 /* daySelectionView.swift in Sources */,
				A990294826B757DB00A83582 /* uiViews.swift in Sources */,
				A9322A8626BF0E5D00920F36 /* questionToolBarView.swift in Sources */,
				A9322A8E26BF2FE800920F36 /* monthSelectionView.swift in Sources */,
				A9322A8A26BF2AD800920F36 /* questionHandlerView.swift in Sources */,
				A998F0EB26AB3CFC000A026D /* splashscreenView.swift in Sources */,
				A9E5B67126C44ACF002B18CE /* debugView.swift in Sources */,
				A9322A8426BEFF9B00920F36 /* questionManager.swift in Sources */,
				A9322A8826BF16C800920F36 /* NavigationButton.swift in Sources */,
				A98684C6269B63C000A72459 /* REMAR_iOS_App.swift in Sources */,
				A9CA6AE326BEDBAE00D376FE /* cleanSlateView.swift in Sources */,
				A9100C6226C44003000BF34E /* calendarLogic.swift in Sources */,
				A98684B9269B62A600A72459 /* ContentView.swift in Sources */,
			);
			runOnlyForDeploymentPostprocessing = 0;
		};
/* End PBXSourcesBuildPhase section */

/* Begin PBXVariantGroup section */
		A919177A26BCD58B00F8B9E8 /* about_us.json */ = {
			isa = PBXVariantGroup;
			children = (
				A919177926BCD58B00F8B9E8 /* en */,
				A919177E26BCDCC600F8B9E8 /* pt-BR */,
			);
			name = about_us.json;
			sourceTree = "<group>";
		};
		A919178326BCE25C00F8B9E8 /* Localizable.strings */ = {
			isa = PBXVariantGroup;
			children = (
				A919178226BCE25C00F8B9E8 /* en */,
				A919178426BCE26200F8B9E8 /* pt-BR */,
			);
			name = Localizable.strings;
			sourceTree = "<group>";
		};
/* End PBXVariantGroup section */

/* Begin XCBuildConfiguration section */
		A98684BF269B62A700A72459 /* Debug */ = {
			isa = XCBuildConfiguration;
			buildSettings = {
				ALWAYS_SEARCH_USER_PATHS = NO;
				CLANG_ANALYZER_NONNULL = YES;
				CLANG_ANALYZER_NUMBER_OBJECT_CONVERSION = YES_AGGRESSIVE;
				CLANG_CXX_LANGUAGE_STANDARD = "gnu++14";
				CLANG_CXX_LIBRARY = "libc++";
				CLANG_ENABLE_MODULES = YES;
				CLANG_ENABLE_OBJC_ARC = YES;
				CLANG_ENABLE_OBJC_WEAK = YES;
				CLANG_WARN_BLOCK_CAPTURE_AUTORELEASING = YES;
				CLANG_WARN_BOOL_CONVERSION = YES;
				CLANG_WARN_COMMA = YES;
				CLANG_WARN_CONSTANT_CONVERSION = YES;
				CLANG_WARN_DEPRECATED_OBJC_IMPLEMENTATIONS = YES;
				CLANG_WARN_DIRECT_OBJC_ISA_USAGE = YES_ERROR;
				CLANG_WARN_DOCUMENTATION_COMMENTS = YES;
				CLANG_WARN_EMPTY_BODY = YES;
				CLANG_WARN_ENUM_CONVERSION = YES;
				CLANG_WARN_INFINITE_RECURSION = YES;
				CLANG_WARN_INT_CONVERSION = YES;
				CLANG_WARN_NON_LITERAL_NULL_CONVERSION = YES;
				CLANG_WARN_OBJC_IMPLICIT_RETAIN_SELF = YES;
				CLANG_WARN_OBJC_LITERAL_CONVERSION = YES;
				CLANG_WARN_OBJC_ROOT_CLASS = YES_ERROR;
				CLANG_WARN_QUOTED_INCLUDE_IN_FRAMEWORK_HEADER = YES;
				CLANG_WARN_RANGE_LOOP_ANALYSIS = YES;
				CLANG_WARN_STRICT_PROTOTYPES = YES;
				CLANG_WARN_SUSPICIOUS_MOVE = YES;
				CLANG_WARN_UNGUARDED_AVAILABILITY = YES_AGGRESSIVE;
				CLANG_WARN_UNREACHABLE_CODE = YES;
				CLANG_WARN__DUPLICATE_METHOD_MATCH = YES;
				COPY_PHASE_STRIP = NO;
				DEBUG_INFORMATION_FORMAT = dwarf;
				ENABLE_STRICT_OBJC_MSGSEND = YES;
				ENABLE_TESTABILITY = YES;
				GCC_C_LANGUAGE_STANDARD = gnu11;
				GCC_DYNAMIC_NO_PIC = NO;
				GCC_NO_COMMON_BLOCKS = YES;
				GCC_OPTIMIZATION_LEVEL = 0;
				GCC_PREPROCESSOR_DEFINITIONS = (
					"DEBUG=1",
					"$(inherited)",
				);
				GCC_WARN_64_TO_32_BIT_CONVERSION = YES;
				GCC_WARN_ABOUT_RETURN_TYPE = YES_ERROR;
				GCC_WARN_UNDECLARED_SELECTOR = YES;
				GCC_WARN_UNINITIALIZED_AUTOS = YES_AGGRESSIVE;
				GCC_WARN_UNUSED_FUNCTION = YES;
				GCC_WARN_UNUSED_VARIABLE = YES;
				IPHONEOS_DEPLOYMENT_TARGET = 14.1;
				MTL_ENABLE_DEBUG_INFO = INCLUDE_SOURCE;
				MTL_FAST_MATH = YES;
				ONLY_ACTIVE_ARCH = YES;
				SDKROOT = iphoneos;
				SWIFT_ACTIVE_COMPILATION_CONDITIONS = DEBUG;
				SWIFT_OPTIMIZATION_LEVEL = "-Onone";
			};
			name = Debug;
		};
		A98684C0269B62A700A72459 /* Release */ = {
			isa = XCBuildConfiguration;
			buildSettings = {
				ALWAYS_SEARCH_USER_PATHS = NO;
				CLANG_ANALYZER_NONNULL = YES;
				CLANG_ANALYZER_NUMBER_OBJECT_CONVERSION = YES_AGGRESSIVE;
				CLANG_CXX_LANGUAGE_STANDARD = "gnu++14";
				CLANG_CXX_LIBRARY = "libc++";
				CLANG_ENABLE_MODULES = YES;
				CLANG_ENABLE_OBJC_ARC = YES;
				CLANG_ENABLE_OBJC_WEAK = YES;
				CLANG_WARN_BLOCK_CAPTURE_AUTORELEASING = YES;
				CLANG_WARN_BOOL_CONVERSION = YES;
				CLANG_WARN_COMMA = YES;
				CLANG_WARN_CONSTANT_CONVERSION = YES;
				CLANG_WARN_DEPRECATED_OBJC_IMPLEMENTATIONS = YES;
				CLANG_WARN_DIRECT_OBJC_ISA_USAGE = YES_ERROR;
				CLANG_WARN_DOCUMENTATION_COMMENTS = YES;
				CLANG_WARN_EMPTY_BODY = YES;
				CLANG_WARN_ENUM_CONVERSION = YES;
				CLANG_WARN_INFINITE_RECURSION = YES;
				CLANG_WARN_INT_CONVERSION = YES;
				CLANG_WARN_NON_LITERAL_NULL_CONVERSION = YES;
				CLANG_WARN_OBJC_IMPLICIT_RETAIN_SELF = YES;
				CLANG_WARN_OBJC_LITERAL_CONVERSION = YES;
				CLANG_WARN_OBJC_ROOT_CLASS = YES_ERROR;
				CLANG_WARN_QUOTED_INCLUDE_IN_FRAMEWORK_HEADER = YES;
				CLANG_WARN_RANGE_LOOP_ANALYSIS = YES;
				CLANG_WARN_STRICT_PROTOTYPES = YES;
				CLANG_WARN_SUSPICIOUS_MOVE = YES;
				CLANG_WARN_UNGUARDED_AVAILABILITY = YES_AGGRESSIVE;
				CLANG_WARN_UNREACHABLE_CODE = YES;
				CLANG_WARN__DUPLICATE_METHOD_MATCH = YES;
				COPY_PHASE_STRIP = NO;
				DEBUG_INFORMATION_FORMAT = "dwarf-with-dsym";
				ENABLE_NS_ASSERTIONS = NO;
				ENABLE_STRICT_OBJC_MSGSEND = YES;
				GCC_C_LANGUAGE_STANDARD = gnu11;
				GCC_NO_COMMON_BLOCKS = YES;
				GCC_WARN_64_TO_32_BIT_CONVERSION = YES;
				GCC_WARN_ABOUT_RETURN_TYPE = YES_ERROR;
				GCC_WARN_UNDECLARED_SELECTOR = YES;
				GCC_WARN_UNINITIALIZED_AUTOS = YES_AGGRESSIVE;
				GCC_WARN_UNUSED_FUNCTION = YES;
				GCC_WARN_UNUSED_VARIABLE = YES;
				IPHONEOS_DEPLOYMENT_TARGET = 14.1;
				MTL_ENABLE_DEBUG_INFO = NO;
				MTL_FAST_MATH = YES;
				SDKROOT = iphoneos;
				SWIFT_COMPILATION_MODE = wholemodule;
				SWIFT_OPTIMIZATION_LEVEL = "-O";
				VALIDATE_PRODUCT = YES;
			};
			name = Release;
		};
		A98684C2269B62A700A72459 /* Debug */ = {
			isa = XCBuildConfiguration;
			buildSettings = {
				ASSETCATALOG_COMPILER_APPICON_NAME = AppIcon;
				ASSETCATALOG_COMPILER_GLOBAL_ACCENT_COLOR_NAME = AccentColor;
				ASSETCATALOG_COMPILER_INCLUDE_ALL_APPICON_ASSETS = YES;
				CODE_SIGN_STYLE = Automatic;
				CURRENT_PROJECT_VERSION = 1;
				DEVELOPMENT_ASSET_PATHS = "\"REMAR-iOS-App/Preview Content\"";
				DEVELOPMENT_TEAM = 23J79J5AWF;
				ENABLE_PREVIEWS = YES;
				GENERATE_INFOPLIST_FILE = YES;
				INFOPLIST_FILE = "REMAR-iOS-App/Info.plist";
				INFOPLIST_KEY_CFBundleDisplayName = REMAR_CITIZEN;
				INFOPLIST_KEY_CFBundleExecutable = "REMAR-iOS-App";
				INFOPLIST_KEY_CFBundleName = "REMAR-iOS-App";
				INFOPLIST_KEY_CFBundleVersion = 1;
				INFOPLIST_KEY_UIApplicationSceneManifest_Generation = YES;
				INFOPLIST_KEY_UIApplicationSupportsIndirectInputEvents = YES;
				INFOPLIST_KEY_UILaunchScreen_Generation = YES;
				INFOPLIST_KEY_UISupportedInterfaceOrientations = UIInterfaceOrientationPortrait;
				INFOPLIST_KEY_UISupportedInterfaceOrientations_iPad = "UIInterfaceOrientationPortrait UIInterfaceOrientationPortraitUpsideDown UIInterfaceOrientationLandscapeLeft UIInterfaceOrientationLandscapeRight";
				INFOPLIST_KEY_UISupportedInterfaceOrientations_iPhone = "UIInterfaceOrientationPortrait UIInterfaceOrientationLandscapeLeft UIInterfaceOrientationLandscapeRight";
				IPHONEOS_DEPLOYMENT_TARGET = 14.0;
				LD_RUNPATH_SEARCH_PATHS = (
					"$(inherited)",
					"@executable_path/Frameworks",
				);
				MARKETING_VERSION = 1.0;
				PRODUCT_BUNDLE_IDENTIFIER = "uk.ac.napier.crab.REMAR-iOS-App";
				PRODUCT_NAME = "$(TARGET_NAME)";
				SWIFT_EMIT_LOC_STRINGS = YES;
				SWIFT_VERSION = 5.0;
				TARGETED_DEVICE_FAMILY = "1,2";
			};
			name = Debug;
		};
		A98684C3269B62A700A72459 /* Release */ = {
			isa = XCBuildConfiguration;
			buildSettings = {
				ASSETCATALOG_COMPILER_APPICON_NAME = AppIcon;
				ASSETCATALOG_COMPILER_GLOBAL_ACCENT_COLOR_NAME = AccentColor;
				ASSETCATALOG_COMPILER_INCLUDE_ALL_APPICON_ASSETS = YES;
				CODE_SIGN_STYLE = Automatic;
				CURRENT_PROJECT_VERSION = 1;
				DEVELOPMENT_ASSET_PATHS = "\"REMAR-iOS-App/Preview Content\"";
				DEVELOPMENT_TEAM = 23J79J5AWF;
				ENABLE_PREVIEWS = YES;
				GENERATE_INFOPLIST_FILE = YES;
				INFOPLIST_FILE = "REMAR-iOS-App/Info.plist";
				INFOPLIST_KEY_CFBundleDisplayName = REMAR_CITIZEN;
				INFOPLIST_KEY_CFBundleExecutable = "REMAR-iOS-App";
				INFOPLIST_KEY_CFBundleName = "REMAR-iOS-App";
				INFOPLIST_KEY_CFBundleVersion = 1;
				INFOPLIST_KEY_UIApplicationSceneManifest_Generation = YES;
				INFOPLIST_KEY_UIApplicationSupportsIndirectInputEvents = YES;
				INFOPLIST_KEY_UILaunchScreen_Generation = YES;
				INFOPLIST_KEY_UISupportedInterfaceOrientations = UIInterfaceOrientationPortrait;
				INFOPLIST_KEY_UISupportedInterfaceOrientations_iPad = "UIInterfaceOrientationPortrait UIInterfaceOrientationPortraitUpsideDown UIInterfaceOrientationLandscapeLeft UIInterfaceOrientationLandscapeRight";
				INFOPLIST_KEY_UISupportedInterfaceOrientations_iPhone = "UIInterfaceOrientationPortrait UIInterfaceOrientationLandscapeLeft UIInterfaceOrientationLandscapeRight";
				IPHONEOS_DEPLOYMENT_TARGET = 14.0;
				LD_RUNPATH_SEARCH_PATHS = (
					"$(inherited)",
					"@executable_path/Frameworks",
				);
				MARKETING_VERSION = 1.0;
				PRODUCT_BUNDLE_IDENTIFIER = "uk.ac.napier.crab.REMAR-iOS-App";
				PRODUCT_NAME = "$(TARGET_NAME)";
				SWIFT_EMIT_LOC_STRINGS = YES;
				SWIFT_VERSION = 5.0;
				TARGETED_DEVICE_FAMILY = "1,2";
			};
			name = Release;
		};
/* End XCBuildConfiguration section */

/* Begin XCConfigurationList section */
		A98684AE269B62A600A72459 /* Build configuration list for PBXProject "REMAR-iOS-App" */ = {
			isa = XCConfigurationList;
			buildConfigurations = (
				A98684BF269B62A700A72459 /* Debug */,
				A98684C0269B62A700A72459 /* Release */,
			);
			defaultConfigurationIsVisible = 0;
			defaultConfigurationName = Release;
		};
		A98684C1269B62A700A72459 /* Build configuration list for PBXNativeTarget "REMAR-iOS-App" */ = {
			isa = XCConfigurationList;
			buildConfigurations = (
				A98684C2269B62A700A72459 /* Debug */,
				A98684C3269B62A700A72459 /* Release */,
			);
			defaultConfigurationIsVisible = 0;
			defaultConfigurationName = Release;
		};
/* End XCConfigurationList section */
	};
	rootObject = A98684AB269B62A600A72459 /* Project object */;
}
